
Microsoft Visual Studio Solution File, Format Version 12.00
# Visual Studio Version 17
VisualStudioVersion = 17.0.31903.59
MinimumVisualStudioVersion = 10.0.40219.1
Project("{2150E333-8FDC-42A3-9474-1A3956D46DE8}") = "src", "src", "{DB0E0D2A-6CA1-4DD1-BB83-6DBE5981AAD8}"
EndProject
Project("{FAE04EC0-301F-11D3-BF4B-00C04F79EFBC}") = "TrashCode.Api", "src\TrashCode.Api\TrashCode.Api.csproj", "{99ACE050-0950-41B1-9F11-48C9F4E59467}"
EndProject
Global
	GlobalSection(SolutionConfigurationPlatforms) = preSolution
		Debug|Any CPU = Debug|Any CPU
		Release|Any CPU = Release|Any CPU
	EndGlobalSection
	GlobalSection(SolutionProperties) = preSolution
		HideSolutionNode = FALSE
	EndGlobalSection
	GlobalSection(ProjectConfigurationPlatforms) = postSolution
		{99ACE050-0950-41B1-9F11-48C9F4E59467}.Debug|Any CPU.ActiveCfg = Debug|Any CPU
		{99ACE050-0950-41B1-9F11-48C9F4E59467}.Debug|Any CPU.Build.0 = Debug|Any CPU
		{99ACE050-0950-41B1-9F11-48C9F4E59467}.Release|Any CPU.ActiveCfg = Release|Any CPU
		{99ACE050-0950-41B1-9F11-48C9F4E59467}.Release|Any CPU.Build.0 = Release|Any CPU
	EndGlobalSection
	GlobalSection(NestedProjects) = preSolution
		{99ACE050-0950-41B1-9F11-48C9F4E59467} = {DB0E0D2A-6CA1-4DD1-BB83-6DBE5981AAD8}
	EndGlobalSection
EndGlobal
